
Microsoft Visual Studio Solution File, Format Version 12.00
# Visual Studio Version 16
VisualStudioVersion = 16.0.30523.141
MinimumVisualStudioVersion = 10.0.40219.1
Project("{FAE04EC0-301F-11D3-BF4B-00C04F79EFBC}") = "Nistor_Andreea_Lab2", "Nistor_Andreea_Lab2.csproj", "{8CE2523C-E9CB-45C9-9AF3-B6C079E474B2}"
EndProject
Global
	GlobalSection(SolutionConfigurationPlatforms) = preSolution
		Debug|Any CPU = Debug|Any CPU
		Release|Any CPU = Release|Any CPU
	EndGlobalSection
	GlobalSection(ProjectConfigurationPlatforms) = postSolution
		{8CE2523C-E9CB-45C9-9AF3-B6C079E474B2}.Debug|Any CPU.ActiveCfg = Debug|Any CPU
		{8CE2523C-E9CB-45C9-9AF3-B6C079E474B2}.Debug|Any CPU.Build.0 = Debug|Any CPU
		{8CE2523C-E9CB-45C9-9AF3-B6C079E474B2}.Release|Any CPU.ActiveCfg = Release|Any CPU
		{8CE2523C-E9CB-45C9-9AF3-B6C079E474B2}.Release|Any CPU.Build.0 = Release|Any CPU
	EndGlobalSection
	GlobalSection(SolutionProperties) = preSolution
		HideSolutionNode = FALSE
	EndGlobalSection
	GlobalSection(ExtensibilityGlobals) = postSolution
		SolutionGuid = {4A65820C-1540-4CB4-A12F-73ABFA5A3236}
	EndGlobalSection
EndGlobal
